// !$*UTF8*$!
{
	archiveVersion = 1;
	classes = {
	};
	objectVersion = 50;
	objects = {

/* Begin PBXBuildFile section */
		6C7ECDB02601B576005DD6A2 /* CardViewController.swift in Sources */ = {isa = PBXBuildFile; fileRef = 6C7ECDAF2601B576005DD6A2 /* CardViewController.swift */; };
		6CEC876A25EA7D420047D137 /* CurrencyConverter.swift in Sources */ = {isa = PBXBuildFile; fileRef = 6CEC876925EA7D420047D137 /* CurrencyConverter.swift */; };
		6CEC878A25EB07B30047D137 /* RegisterViewController.swift in Sources */ = {isa = PBXBuildFile; fileRef = 6CEC878925EB07B30047D137 /* RegisterViewController.swift */; };
		6CEC879D25EB23580047D137 /* RedirectViewController.swift in Sources */ = {isa = PBXBuildFile; fileRef = 6CEC879C25EB23580047D137 /* RedirectViewController.swift */; };
		6CEC87A225EB2B4A0047D137 /* LoginViewController.swift in Sources */ = {isa = PBXBuildFile; fileRef = 6CEC87A125EB2B4A0047D137 /* LoginViewController.swift */; };
		6CEC87AF25EB38AC0047D137 /* MainViewController.swift in Sources */ = {isa = PBXBuildFile; fileRef = 6CEC87AE25EB38AC0047D137 /* MainViewController.swift */; };
		6CEC87B425FADE690047D137 /* SettingsViewController.swift in Sources */ = {isa = PBXBuildFile; fileRef = 6CEC87B325FADE690047D137 /* SettingsViewController.swift */; };
		6CEC87BC25FB03460047D137 /* MainTabViewController.swift in Sources */ = {isa = PBXBuildFile; fileRef = 6CEC87BB25FB03460047D137 /* MainTabViewController.swift */; };
		961DB23725E115670050CE15 /* AppDelegate.swift in Sources */ = {isa = PBXBuildFile; fileRef = 961DB23625E115670050CE15 /* AppDelegate.swift */; };
		961DB23925E115670050CE15 /* art.scnassets in Resources */ = {isa = PBXBuildFile; fileRef = 961DB23825E115670050CE15 /* art.scnassets */; };
		961DB23B25E115670050CE15 /* ARViewController.swift in Sources */ = {isa = PBXBuildFile; fileRef = 961DB23A25E115670050CE15 /* ARViewController.swift */; };
		961DB23E25E115670050CE15 /* Main.storyboard in Resources */ = {isa = PBXBuildFile; fileRef = 961DB23C25E115670050CE15 /* Main.storyboard */; };
		961DB24025E115670050CE15 /* Assets.xcassets in Resources */ = {isa = PBXBuildFile; fileRef = 961DB23F25E115670050CE15 /* Assets.xcassets */; };
		961DB24325E115670050CE15 /* LaunchScreen.storyboard in Resources */ = {isa = PBXBuildFile; fileRef = 961DB24125E115670050CE15 /* LaunchScreen.storyboard */; };
		961DB24E25E115680050CE15 /* TDAPS490Tests.swift in Sources */ = {isa = PBXBuildFile; fileRef = 961DB24D25E115680050CE15 /* TDAPS490Tests.swift */; };
		961DB25925E115680050CE15 /* TDAPS490UITests.swift in Sources */ = {isa = PBXBuildFile; fileRef = 961DB25825E115680050CE15 /* TDAPS490UITests.swift */; };
/* End PBXBuildFile section */

/* Begin PBXContainerItemProxy section */
		961DB24A25E115680050CE15 /* PBXContainerItemProxy */ = {
			isa = PBXContainerItemProxy;
			containerPortal = 961DB22B25E115670050CE15 /* Project object */;
			proxyType = 1;
			remoteGlobalIDString = 961DB23225E115670050CE15;
			remoteInfo = TDAPS490;
		};
		961DB25525E115680050CE15 /* PBXContainerItemProxy */ = {
			isa = PBXContainerItemProxy;
			containerPortal = 961DB22B25E115670050CE15 /* Project object */;
			proxyType = 1;
			remoteGlobalIDString = 961DB23225E115670050CE15;
			remoteInfo = TDAPS490;
		};
/* End PBXContainerItemProxy section */

/* Begin PBXFileReference section */
		6C7ECDAF2601B576005DD6A2 /* CardViewController.swift */ = {isa = PBXFileReference; lastKnownFileType = sourcecode.swift; path = CardViewController.swift; sourceTree = "<group>"; };
		6CEC876925EA7D420047D137 /* CurrencyConverter.swift */ = {isa = PBXFileReference; fileEncoding = 4; lastKnownFileType = sourcecode.swift; path = CurrencyConverter.swift; sourceTree = "<group>"; };
		6CEC878925EB07B30047D137 /* RegisterViewController.swift */ = {isa = PBXFileReference; lastKnownFileType = sourcecode.swift; path = RegisterViewController.swift; sourceTree = "<group>"; };
		6CEC879C25EB23580047D137 /* RedirectViewController.swift */ = {isa = PBXFileReference; lastKnownFileType = sourcecode.swift; path = RedirectViewController.swift; sourceTree = "<group>"; };
		6CEC87A125EB2B4A0047D137 /* LoginViewController.swift */ = {isa = PBXFileReference; lastKnownFileType = sourcecode.swift; path = LoginViewController.swift; sourceTree = "<group>"; };
		6CEC87AE25EB38AC0047D137 /* MainViewController.swift */ = {isa = PBXFileReference; lastKnownFileType = sourcecode.swift; path = MainViewController.swift; sourceTree = "<group>"; };
		6CEC87B325FADE690047D137 /* SettingsViewController.swift */ = {isa = PBXFileReference; lastKnownFileType = sourcecode.swift; path = SettingsViewController.swift; sourceTree = "<group>"; };
		6CEC87BB25FB03460047D137 /* MainTabViewController.swift */ = {isa = PBXFileReference; lastKnownFileType = sourcecode.swift; path = MainTabViewController.swift; sourceTree = "<group>"; };
		961DB23325E115670050CE15 /* TDAPS490.app */ = {isa = PBXFileReference; explicitFileType = wrapper.application; includeInIndex = 0; path = TDAPS490.app; sourceTree = BUILT_PRODUCTS_DIR; };
		961DB23625E115670050CE15 /* AppDelegate.swift */ = {isa = PBXFileReference; lastKnownFileType = sourcecode.swift; path = AppDelegate.swift; sourceTree = "<group>"; };
		961DB23825E115670050CE15 /* art.scnassets */ = {isa = PBXFileReference; lastKnownFileType = wrapper.scnassets; path = art.scnassets; sourceTree = "<group>"; };
		961DB23A25E115670050CE15 /* ARViewController.swift */ = {isa = PBXFileReference; lastKnownFileType = sourcecode.swift; path = ARViewController.swift; sourceTree = "<group>"; };
		961DB23D25E115670050CE15 /* Base */ = {isa = PBXFileReference; lastKnownFileType = file.storyboard; name = Base; path = Base.lproj/Main.storyboard; sourceTree = "<group>"; };
		961DB23F25E115670050CE15 /* Assets.xcassets */ = {isa = PBXFileReference; lastKnownFileType = folder.assetcatalog; path = Assets.xcassets; sourceTree = "<group>"; };
		961DB24225E115670050CE15 /* Base */ = {isa = PBXFileReference; lastKnownFileType = file.storyboard; name = Base; path = Base.lproj/LaunchScreen.storyboard; sourceTree = "<group>"; };
		961DB24425E115670050CE15 /* Info.plist */ = {isa = PBXFileReference; lastKnownFileType = text.plist.xml; path = Info.plist; sourceTree = "<group>"; };
		961DB24925E115680050CE15 /* TDAPS490Tests.xctest */ = {isa = PBXFileReference; explicitFileType = wrapper.cfbundle; includeInIndex = 0; path = TDAPS490Tests.xctest; sourceTree = BUILT_PRODUCTS_DIR; };
		961DB24D25E115680050CE15 /* TDAPS490Tests.swift */ = {isa = PBXFileReference; lastKnownFileType = sourcecode.swift; path = TDAPS490Tests.swift; sourceTree = "<group>"; };
		961DB24F25E115680050CE15 /* Info.plist */ = {isa = PBXFileReference; lastKnownFileType = text.plist.xml; path = Info.plist; sourceTree = "<group>"; };
		961DB25425E115680050CE15 /* TDAPS490UITests.xctest */ = {isa = PBXFileReference; explicitFileType = wrapper.cfbundle; includeInIndex = 0; path = TDAPS490UITests.xctest; sourceTree = BUILT_PRODUCTS_DIR; };
		961DB25825E115680050CE15 /* TDAPS490UITests.swift */ = {isa = PBXFileReference; lastKnownFileType = sourcecode.swift; path = TDAPS490UITests.swift; sourceTree = "<group>"; };
		961DB25A25E115680050CE15 /* Info.plist */ = {isa = PBXFileReference; lastKnownFileType = text.plist.xml; path = Info.plist; sourceTree = "<group>"; };
/* End PBXFileReference section */

/* Begin PBXFrameworksBuildPhase section */
		961DB23025E115670050CE15 /* Frameworks */ = {
			isa = PBXFrameworksBuildPhase;
			buildActionMask = 2147483647;
			files = (
			);
			runOnlyForDeploymentPostprocessing = 0;
		};
		961DB24625E115680050CE15 /* Frameworks */ = {
			isa = PBXFrameworksBuildPhase;
			buildActionMask = 2147483647;
			files = (
			);
			runOnlyForDeploymentPostprocessing = 0;
		};
		961DB25125E115680050CE15 /* Frameworks */ = {
			isa = PBXFrameworksBuildPhase;
			buildActionMask = 2147483647;
			files = (
			);
			runOnlyForDeploymentPostprocessing = 0;
		};
/* End PBXFrameworksBuildPhase section */

/* Begin PBXGroup section */
		961DB22A25E115670050CE15 = {
			isa = PBXGroup;
			children = (
				961DB23525E115670050CE15 /* TDAPS490 */,
				961DB24C25E115680050CE15 /* TDAPS490Tests */,
				961DB25725E115680050CE15 /* TDAPS490UITests */,
				961DB23425E115670050CE15 /* Products */,
			);
			sourceTree = "<group>";
		};
		961DB23425E115670050CE15 /* Products */ = {
			isa = PBXGroup;
			children = (
				961DB23325E115670050CE15 /* TDAPS490.app */,
				961DB24925E115680050CE15 /* TDAPS490Tests.xctest */,
				961DB25425E115680050CE15 /* TDAPS490UITests.xctest */,
			);
			name = Products;
			sourceTree = "<group>";
		};
		961DB23525E115670050CE15 /* TDAPS490 */ = {
			isa = PBXGroup;
			children = (
				6CEC876925EA7D420047D137 /* CurrencyConverter.swift */,
				961DB23625E115670050CE15 /* AppDelegate.swift */,
				961DB23825E115670050CE15 /* art.scnassets */,
				961DB23A25E115670050CE15 /* ARViewController.swift */,
				6C7ECDAF2601B576005DD6A2 /* CardViewController.swift */,
				6CEC878925EB07B30047D137 /* RegisterViewController.swift */,
				961DB23C25E115670050CE15 /* Main.storyboard */,
				6CEC87AE25EB38AC0047D137 /* MainViewController.swift */,
				6CEC87BB25FB03460047D137 /* MainTabViewController.swift */,
				6CEC87B325FADE690047D137 /* SettingsViewController.swift */,
				6CEC87A125EB2B4A0047D137 /* LoginViewController.swift */,
				6CEC879C25EB23580047D137 /* RedirectViewController.swift */,
				961DB23F25E115670050CE15 /* Assets.xcassets */,
				961DB24125E115670050CE15 /* LaunchScreen.storyboard */,
				961DB24425E115670050CE15 /* Info.plist */,
			);
			path = TDAPS490;
			sourceTree = "<group>";
		};
		961DB24C25E115680050CE15 /* TDAPS490Tests */ = {
			isa = PBXGroup;
			children = (
				961DB24D25E115680050CE15 /* TDAPS490Tests.swift */,
				961DB24F25E115680050CE15 /* Info.plist */,
			);
			path = TDAPS490Tests;
			sourceTree = "<group>";
		};
		961DB25725E115680050CE15 /* TDAPS490UITests */ = {
			isa = PBXGroup;
			children = (
				961DB25825E115680050CE15 /* TDAPS490UITests.swift */,
				961DB25A25E115680050CE15 /* Info.plist */,
			);
			path = TDAPS490UITests;
			sourceTree = "<group>";
		};
/* End PBXGroup section */

/* Begin PBXNativeTarget section */
		961DB23225E115670050CE15 /* TDAPS490 */ = {
			isa = PBXNativeTarget;
			buildConfigurationList = 961DB25D25E115680050CE15 /* Build configuration list for PBXNativeTarget "TDAPS490" */;
			buildPhases = (
				961DB22F25E115670050CE15 /* Sources */,
				961DB23025E115670050CE15 /* Frameworks */,
				961DB23125E115670050CE15 /* Resources */,
			);
			buildRules = (
			);
			dependencies = (
			);
			name = TDAPS490;
			productName = TDAPS490;
			productReference = 961DB23325E115670050CE15 /* TDAPS490.app */;
			productType = "com.apple.product-type.application";
		};
		961DB24825E115680050CE15 /* TDAPS490Tests */ = {
			isa = PBXNativeTarget;
			buildConfigurationList = 961DB26025E115680050CE15 /* Build configuration list for PBXNativeTarget "TDAPS490Tests" */;
			buildPhases = (
				961DB24525E115680050CE15 /* Sources */,
				961DB24625E115680050CE15 /* Frameworks */,
				961DB24725E115680050CE15 /* Resources */,
			);
			buildRules = (
			);
			dependencies = (
				961DB24B25E115680050CE15 /* PBXTargetDependency */,
			);
			name = TDAPS490Tests;
			productName = TDAPS490Tests;
			productReference = 961DB24925E115680050CE15 /* TDAPS490Tests.xctest */;
			productType = "com.apple.product-type.bundle.unit-test";
		};
		961DB25325E115680050CE15 /* TDAPS490UITests */ = {
			isa = PBXNativeTarget;
			buildConfigurationList = 961DB26325E115680050CE15 /* Build configuration list for PBXNativeTarget "TDAPS490UITests" */;
			buildPhases = (
				961DB25025E115680050CE15 /* Sources */,
				961DB25125E115680050CE15 /* Frameworks */,
				961DB25225E115680050CE15 /* Resources */,
			);
			buildRules = (
			);
			dependencies = (
				961DB25625E115680050CE15 /* PBXTargetDependency */,
			);
			name = TDAPS490UITests;
			productName = TDAPS490UITests;
			productReference = 961DB25425E115680050CE15 /* TDAPS490UITests.xctest */;
			productType = "com.apple.product-type.bundle.ui-testing";
		};
/* End PBXNativeTarget section */

/* Begin PBXProject section */
		961DB22B25E115670050CE15 /* Project object */ = {
			isa = PBXProject;
			attributes = {
				LastSwiftUpdateCheck = 1240;
				LastUpgradeCheck = 1240;
				TargetAttributes = {
					961DB23225E115670050CE15 = {
						CreatedOnToolsVersion = 12.4;
					};
					961DB24825E115680050CE15 = {
						CreatedOnToolsVersion = 12.4;
						TestTargetID = 961DB23225E115670050CE15;
					};
					961DB25325E115680050CE15 = {
						CreatedOnToolsVersion = 12.4;
						TestTargetID = 961DB23225E115670050CE15;
					};
				};
			};
			buildConfigurationList = 961DB22E25E115670050CE15 /* Build configuration list for PBXProject "TDAPS490" */;
			compatibilityVersion = "Xcode 9.3";
			developmentRegion = en;
			hasScannedForEncodings = 0;
			knownRegions = (
				en,
				Base,
			);
			mainGroup = 961DB22A25E115670050CE15;
			productRefGroup = 961DB23425E115670050CE15 /* Products */;
			projectDirPath = "";
			projectRoot = "";
			targets = (
				961DB23225E115670050CE15 /* TDAPS490 */,
				961DB24825E115680050CE15 /* TDAPS490Tests */,
				961DB25325E115680050CE15 /* TDAPS490UITests */,
			);
		};
/* End PBXProject section */

/* Begin PBXResourcesBuildPhase section */
		961DB23125E115670050CE15 /* Resources */ = {
			isa = PBXResourcesBuildPhase;
			buildActionMask = 2147483647;
			files = (
				961DB23925E115670050CE15 /* art.scnassets in Resources */,
				961DB24325E115670050CE15 /* LaunchScreen.storyboard in Resources */,
				961DB24025E115670050CE15 /* Assets.xcassets in Resources */,
				961DB23E25E115670050CE15 /* Main.storyboard in Resources */,
			);
			runOnlyForDeploymentPostprocessing = 0;
		};
		961DB24725E115680050CE15 /* Resources */ = {
			isa = PBXResourcesBuildPhase;
			buildActionMask = 2147483647;
			files = (
			);
			runOnlyForDeploymentPostprocessing = 0;
		};
		961DB25225E115680050CE15 /* Resources */ = {
			isa = PBXResourcesBuildPhase;
			buildActionMask = 2147483647;
			files = (
			);
			runOnlyForDeploymentPostprocessing = 0;
		};
/* End PBXResourcesBuildPhase section */

/* Begin PBXSourcesBuildPhase section */
		961DB22F25E115670050CE15 /* Sources */ = {
			isa = PBXSourcesBuildPhase;
			buildActionMask = 2147483647;
			files = (
				6C7ECDB02601B576005DD6A2 /* CardViewController.swift in Sources */,
				6CEC87AF25EB38AC0047D137 /* MainViewController.swift in Sources */,
				6CEC87A225EB2B4A0047D137 /* LoginViewController.swift in Sources */,
				6CEC87B425FADE690047D137 /* SettingsViewController.swift in Sources */,
				6CEC876A25EA7D420047D137 /* CurrencyConverter.swift in Sources */,
				961DB23B25E115670050CE15 /* ARViewController.swift in Sources */,
				6CEC879D25EB23580047D137 /* RedirectViewController.swift in Sources */,
				961DB23725E115670050CE15 /* AppDelegate.swift in Sources */,
				6CEC878A25EB07B30047D137 /* RegisterViewController.swift in Sources */,
				6CEC87BC25FB03460047D137 /* MainTabViewController.swift in Sources */,
			);
			runOnlyForDeploymentPostprocessing = 0;
		};
		961DB24525E115680050CE15 /* Sources */ = {
			isa = PBXSourcesBuildPhase;
			buildActionMask = 2147483647;
			files = (
				961DB24E25E115680050CE15 /* TDAPS490Tests.swift in Sources */,
			);
			runOnlyForDeploymentPostprocessing = 0;
		};
		961DB25025E115680050CE15 /* Sources */ = {
			isa = PBXSourcesBuildPhase;
			buildActionMask = 2147483647;
			files = (
				961DB25925E115680050CE15 /* TDAPS490UITests.swift in Sources */,
			);
			runOnlyForDeploymentPostprocessing = 0;
		};
/* End PBXSourcesBuildPhase section */

/* Begin PBXTargetDependency section */
		961DB24B25E115680050CE15 /* PBXTargetDependency */ = {
			isa = PBXTargetDependency;
			target = 961DB23225E115670050CE15 /* TDAPS490 */;
			targetProxy = 961DB24A25E115680050CE15 /* PBXContainerItemProxy */;
		};
		961DB25625E115680050CE15 /* PBXTargetDependency */ = {
			isa = PBXTargetDependency;
			target = 961DB23225E115670050CE15 /* TDAPS490 */;
			targetProxy = 961DB25525E115680050CE15 /* PBXContainerItemProxy */;
		};
/* End PBXTargetDependency section */

/* Begin PBXVariantGroup section */
		961DB23C25E115670050CE15 /* Main.storyboard */ = {
			isa = PBXVariantGroup;
			children = (
				961DB23D25E115670050CE15 /* Base */,
			);
			name = Main.storyboard;
			sourceTree = "<group>";
		};
		961DB24125E115670050CE15 /* LaunchScreen.storyboard */ = {
			isa = PBXVariantGroup;
			children = (
				961DB24225E115670050CE15 /* Base */,
			);
			name = LaunchScreen.storyboard;
			sourceTree = "<group>";
		};
/* End PBXVariantGroup section */

/* Begin XCBuildConfiguration section */
		961DB25B25E115680050CE15 /* Debug */ = {
			isa = XCBuildConfiguration;
			buildSettings = {
				ALWAYS_SEARCH_USER_PATHS = NO;
				CLANG_ANALYZER_NONNULL = YES;
				CLANG_ANALYZER_NUMBER_OBJECT_CONVERSION = YES_AGGRESSIVE;
				CLANG_CXX_LANGUAGE_STANDARD = "gnu++14";
				CLANG_CXX_LIBRARY = "libc++";
				CLANG_ENABLE_MODULES = YES;
				CLANG_ENABLE_OBJC_ARC = YES;
				CLANG_ENABLE_OBJC_WEAK = YES;
				CLANG_WARN_BLOCK_CAPTURE_AUTORELEASING = YES;
				CLANG_WARN_BOOL_CONVERSION = YES;
				CLANG_WARN_COMMA = YES;
				CLANG_WARN_CONSTANT_CONVERSION = YES;
				CLANG_WARN_DEPRECATED_OBJC_IMPLEMENTATIONS = YES;
				CLANG_WARN_DIRECT_OBJC_ISA_USAGE = YES_ERROR;
				CLANG_WARN_DOCUMENTATION_COMMENTS = YES;
				CLANG_WARN_EMPTY_BODY = YES;
				CLANG_WARN_ENUM_CONVERSION = YES;
				CLANG_WARN_INFINITE_RECURSION = YES;
				CLANG_WARN_INT_CONVERSION = YES;
				CLANG_WARN_NON_LITERAL_NULL_CONVERSION = YES;
				CLANG_WARN_OBJC_IMPLICIT_RETAIN_SELF = YES;
				CLANG_WARN_OBJC_LITERAL_CONVERSION = YES;
				CLANG_WARN_OBJC_ROOT_CLASS = YES_ERROR;
				CLANG_WARN_QUOTED_INCLUDE_IN_FRAMEWORK_HEADER = YES;
				CLANG_WARN_RANGE_LOOP_ANALYSIS = YES;
				CLANG_WARN_STRICT_PROTOTYPES = YES;
				CLANG_WARN_SUSPICIOUS_MOVE = YES;
				CLANG_WARN_UNGUARDED_AVAILABILITY = YES_AGGRESSIVE;
				CLANG_WARN_UNREACHABLE_CODE = YES;
				CLANG_WARN__DUPLICATE_METHOD_MATCH = YES;
				COPY_PHASE_STRIP = NO;
				DEBUG_INFORMATION_FORMAT = dwarf;
				ENABLE_STRICT_OBJC_MSGSEND = YES;
				ENABLE_TESTABILITY = YES;
				GCC_C_LANGUAGE_STANDARD = gnu11;
				GCC_DYNAMIC_NO_PIC = NO;
				GCC_NO_COMMON_BLOCKS = YES;
				GCC_OPTIMIZATION_LEVEL = 0;
				GCC_PREPROCESSOR_DEFINITIONS = (
					"DEBUG=1",
					"$(inherited)",
				);
				GCC_WARN_64_TO_32_BIT_CONVERSION = YES;
				GCC_WARN_ABOUT_RETURN_TYPE = YES_ERROR;
				GCC_WARN_UNDECLARED_SELECTOR = YES;
				GCC_WARN_UNINITIALIZED_AUTOS = YES_AGGRESSIVE;
				GCC_WARN_UNUSED_FUNCTION = YES;
				GCC_WARN_UNUSED_VARIABLE = YES;
				IPHONEOS_DEPLOYMENT_TARGET = 14.4;
				MTL_ENABLE_DEBUG_INFO = INCLUDE_SOURCE;
				MTL_FAST_MATH = YES;
				ONLY_ACTIVE_ARCH = YES;
				SDKROOT = iphoneos;
				SWIFT_ACTIVE_COMPILATION_CONDITIONS = DEBUG;
				SWIFT_OPTIMIZATION_LEVEL = "-Onone";
			};
			name = Debug;
		};
		961DB25C25E115680050CE15 /* Release */ = {
			isa = XCBuildConfiguration;
			buildSettings = {
				ALWAYS_SEARCH_USER_PATHS = NO;
				CLANG_ANALYZER_NONNULL = YES;
				CLANG_ANALYZER_NUMBER_OBJECT_CONVERSION = YES_AGGRESSIVE;
				CLANG_CXX_LANGUAGE_STANDARD = "gnu++14";
				CLANG_CXX_LIBRARY = "libc++";
				CLANG_ENABLE_MODULES = YES;
				CLANG_ENABLE_OBJC_ARC = YES;
				CLANG_ENABLE_OBJC_WEAK = YES;
				CLANG_WARN_BLOCK_CAPTURE_AUTORELEASING = YES;
				CLANG_WARN_BOOL_CONVERSION = YES;
				CLANG_WARN_COMMA = YES;
				CLANG_WARN_CONSTANT_CONVERSION = YES;
				CLANG_WARN_DEPRECATED_OBJC_IMPLEMENTATIONS = YES;
				CLANG_WARN_DIRECT_OBJC_ISA_USAGE = YES_ERROR;
				CLANG_WARN_DOCUMENTATION_COMMENTS = YES;
				CLANG_WARN_EMPTY_BODY = YES;
				CLANG_WARN_ENUM_CONVERSION = YES;
				CLANG_WARN_INFINITE_RECURSION = YES;
				CLANG_WARN_INT_CONVERSION = YES;
				CLANG_WARN_NON_LITERAL_NULL_CONVERSION = YES;
				CLANG_WARN_OBJC_IMPLICIT_RETAIN_SELF = YES;
				CLANG_WARN_OBJC_LITERAL_CONVERSION = YES;
				CLANG_WARN_OBJC_ROOT_CLASS = YES_ERROR;
				CLANG_WARN_QUOTED_INCLUDE_IN_FRAMEWORK_HEADER = YES;
				CLANG_WARN_RANGE_LOOP_ANALYSIS = YES;
				CLANG_WARN_STRICT_PROTOTYPES = YES;
				CLANG_WARN_SUSPICIOUS_MOVE = YES;
				CLANG_WARN_UNGUARDED_AVAILABILITY = YES_AGGRESSIVE;
				CLANG_WARN_UNREACHABLE_CODE = YES;
				CLANG_WARN__DUPLICATE_METHOD_MATCH = YES;
				COPY_PHASE_STRIP = NO;
				DEBUG_INFORMATION_FORMAT = "dwarf-with-dsym";
				ENABLE_NS_ASSERTIONS = NO;
				ENABLE_STRICT_OBJC_MSGSEND = YES;
				GCC_C_LANGUAGE_STANDARD = gnu11;
				GCC_NO_COMMON_BLOCKS = YES;
				GCC_WARN_64_TO_32_BIT_CONVERSION = YES;
				GCC_WARN_ABOUT_RETURN_TYPE = YES_ERROR;
				GCC_WARN_UNDECLARED_SELECTOR = YES;
				GCC_WARN_UNINITIALIZED_AUTOS = YES_AGGRESSIVE;
				GCC_WARN_UNUSED_FUNCTION = YES;
				GCC_WARN_UNUSED_VARIABLE = YES;
				IPHONEOS_DEPLOYMENT_TARGET = 14.4;
				MTL_ENABLE_DEBUG_INFO = NO;
				MTL_FAST_MATH = YES;
				SDKROOT = iphoneos;
				SWIFT_COMPILATION_MODE = wholemodule;
				SWIFT_OPTIMIZATION_LEVEL = "-O";
				VALIDATE_PRODUCT = YES;
			};
			name = Release;
		};
		961DB25E25E115680050CE15 /* Debug */ = {
			isa = XCBuildConfiguration;
			buildSettings = {
				ASSETCATALOG_COMPILER_APPICON_NAME = AppIcon;
				ASSETCATALOG_COMPILER_GLOBAL_ACCENT_COLOR_NAME = AccentColor;
				CODE_SIGN_STYLE = Automatic;
				DEVELOPMENT_TEAM = X9URA73JN2;
				INFOPLIST_FILE = TDAPS490/Info.plist;
				IPHONEOS_DEPLOYMENT_TARGET = 13.0;
				LD_RUNPATH_SEARCH_PATHS = (
					"$(inherited)",
					"@executable_path/Frameworks",
				);
				PRODUCT_BUNDLE_IDENTIFIER = aps420.TDAPS490;
				PRODUCT_NAME = "$(TARGET_NAME)";
				SWIFT_VERSION = 5.0;
				TARGETED_DEVICE_FAMILY = "1,2";
			};
			name = Debug;
		};
		961DB25F25E115680050CE15 /* Release */ = {
			isa = XCBuildConfiguration;
			buildSettings = {
				ASSETCATALOG_COMPILER_APPICON_NAME = AppIcon;
				ASSETCATALOG_COMPILER_GLOBAL_ACCENT_COLOR_NAME = AccentColor;
				CODE_SIGN_STYLE = Automatic;
				DEVELOPMENT_TEAM = X9URA73JN2;
				INFOPLIST_FILE = TDAPS490/Info.plist;
				IPHONEOS_DEPLOYMENT_TARGET = 13.0;
				LD_RUNPATH_SEARCH_PATHS = (
					"$(inherited)",
					"@executable_path/Frameworks",
				);
				PRODUCT_BUNDLE_IDENTIFIER = aps420.TDAPS490;
				PRODUCT_NAME = "$(TARGET_NAME)";
				SWIFT_VERSION = 5.0;
				TARGETED_DEVICE_FAMILY = "1,2";
			};
			name = Release;
		};
		961DB26125E115680050CE15 /* Debug */ = {
			isa = XCBuildConfiguration;
			buildSettings = {
				ALWAYS_EMBED_SWIFT_STANDARD_LIBRARIES = YES;
				BUNDLE_LOADER = "$(TEST_HOST)";
				CODE_SIGN_STYLE = Automatic;
				DEVELOPMENT_TEAM = X9URA73JN2;
				INFOPLIST_FILE = TDAPS490Tests/Info.plist;
				IPHONEOS_DEPLOYMENT_TARGET = 14.4;
				LD_RUNPATH_SEARCH_PATHS = (
					"$(inherited)",
					"@executable_path/Frameworks",
					"@loader_path/Frameworks",
				);
				PRODUCT_BUNDLE_IDENTIFIER = aps420.TDAPS490Tests;
				PRODUCT_NAME = "$(TARGET_NAME)";
				SWIFT_VERSION = 5.0;
				TARGETED_DEVICE_FAMILY = "1,2";
				TEST_HOST = "$(BUILT_PRODUCTS_DIR)/TDAPS490.app/TDAPS490";
			};
			name = Debug;
		};
		961DB26225E115680050CE15 /* Release */ = {
			isa = XCBuildConfiguration;
			buildSettings = {
				ALWAYS_EMBED_SWIFT_STANDARD_LIBRARIES = YES;
				BUNDLE_LOADER = "$(TEST_HOST)";
				CODE_SIGN_STYLE = Automatic;
				DEVELOPMENT_TEAM = X9URA73JN2;
				INFOPLIST_FILE = TDAPS490Tests/Info.plist;
				IPHONEOS_DEPLOYMENT_TARGET = 14.4;
				LD_RUNPATH_SEARCH_PATHS = (
					"$(inherited)",
					"@executable_path/Frameworks",
					"@loader_path/Frameworks",
				);
				PRODUCT_BUNDLE_IDENTIFIER = aps420.TDAPS490Tests;
				PRODUCT_NAME = "$(TARGET_NAME)";
				SWIFT_VERSION = 5.0;
				TARGETED_DEVICE_FAMILY = "1,2";
				TEST_HOST = "$(BUILT_PRODUCTS_DIR)/TDAPS490.app/TDAPS490";
			};
			name = Release;
		};
		961DB26425E115680050CE15 /* Debug */ = {
			isa = XCBuildConfiguration;
			buildSettings = {
				ALWAYS_EMBED_SWIFT_STANDARD_LIBRARIES = YES;
				CODE_SIGN_STYLE = Automatic;
				DEVELOPMENT_TEAM = X9URA73JN2;
				INFOPLIST_FILE = TDAPS490UITests/Info.plist;
				LD_RUNPATH_SEARCH_PATHS = (
					"$(inherited)",
					"@executable_path/Frameworks",
					"@loader_path/Frameworks",
				);
				PRODUCT_BUNDLE_IDENTIFIER = aps420.TDAPS490UITests;
				PRODUCT_NAME = "$(TARGET_NAME)";
				SWIFT_VERSION = 5.0;
				TARGETED_DEVICE_FAMILY = "1,2";
				TEST_TARGET_NAME = TDAPS490;
			};
			name = Debug;
		};
		961DB26525E115680050CE15 /* Release */ = {
			isa = XCBuildConfiguration;
			buildSettings = {
				ALWAYS_EMBED_SWIFT_STANDARD_LIBRARIES = YES;
				CODE_SIGN_STYLE = Automatic;
				DEVELOPMENT_TEAM = X9URA73JN2;
				INFOPLIST_FILE = TDAPS490UITests/Info.plist;
				LD_RUNPATH_SEARCH_PATHS = (
					"$(inherited)",
					"@executable_path/Frameworks",
					"@loader_path/Frameworks",
				);
				PRODUCT_BUNDLE_IDENTIFIER = aps420.TDAPS490UITests;
				PRODUCT_NAME = "$(TARGET_NAME)";
				SWIFT_VERSION = 5.0;
				TARGETED_DEVICE_FAMILY = "1,2";
				TEST_TARGET_NAME = TDAPS490;
			};
			name = Release;
		};
/* End XCBuildConfiguration section */

/* Begin XCConfigurationList section */
		961DB22E25E115670050CE15 /* Build configuration list for PBXProject "TDAPS490" */ = {
			isa = XCConfigurationList;
			buildConfigurations = (
				961DB25B25E115680050CE15 /* Debug */,
				961DB25C25E115680050CE15 /* Release */,
			);
			defaultConfigurationIsVisible = 0;
			defaultConfigurationName = Release;
		};
		961DB25D25E115680050CE15 /* Build configuration list for PBXNativeTarget "TDAPS490" */ = {
			isa = XCConfigurationList;
			buildConfigurations = (
				961DB25E25E115680050CE15 /* Debug */,
				961DB25F25E115680050CE15 /* Release */,
			);
			defaultConfigurationIsVisible = 0;
			defaultConfigurationName = Release;
		};
		961DB26025E115680050CE15 /* Build configuration list for PBXNativeTarget "TDAPS490Tests" */ = {
			isa = XCConfigurationList;
			buildConfigurations = (
				961DB26125E115680050CE15 /* Debug */,
				961DB26225E115680050CE15 /* Release */,
			);
			defaultConfigurationIsVisible = 0;
			defaultConfigurationName = Release;
		};
		961DB26325E115680050CE15 /* Build configuration list for PBXNativeTarget "TDAPS490UITests" */ = {
			isa = XCConfigurationList;
			buildConfigurations = (
				961DB26425E115680050CE15 /* Debug */,
				961DB26525E115680050CE15 /* Release */,
			);
			defaultConfigurationIsVisible = 0;
			defaultConfigurationName = Release;
		};
/* End XCConfigurationList section */
	};
	rootObject = 961DB22B25E115670050CE15 /* Project object */;
}
